{
  "name": "last-call-webpack-plugin",
  "version": "2.0.0",
  "lockfileVersion": 1,
  "dependencies": {
    "lodash": {
      "version": "4.17.4",
      "resolved": "https://registry.npmjs.org/lodash/-/lodash-4.17.4.tgz",
      "integrity": "sha1-eCA6TRwyiuHYbcpkYONptX9AVa4="
    },
    "source-list-map": {
      "version": "https://registry.npmjs.org/source-list-map/-/source-list-map-2.0.0.tgz",
      "integrity": "sha1-qqR0A/eyRakvvJfqCPJQ1gh+0IU="
    },
    "source-map": {
      "version": "https://registry.npmjs.org/source-map/-/source-map-0.5.6.tgz",
      "integrity": "sha1-dc449SvwczxafwwRjYEzSiu19BI="
    },
    "webpack-sources": {
      "version": "https://registry.npmjs.org/webpack-sources/-/webpack-sources-1.0.1.tgz",
      "integrity": "sha1-xzVkNqTRMSO+LiQmoF0drZy+Zc8="
    }
  }
}
